
Microsoft Visual Studio Solution File, Format Version 12.00
# Visual Studio Version 17
VisualStudioVersion = 17.14.37710.0 d17.14
MinimumVisualStudioVersion = 10.0.40219.1
Project("{FAE04EC0-301F-11D3-BF4B-00C04F79EFBC}") = "Examp_of_Week_TWO", "Examp_of_Week_TWO\Examp_of_Week_TWO.csproj", "{556C20F4-431A-469D-85F6-44D6DF564F81}"
EndProject
Global
	GlobalSection(SolutionConfigurationPlatforms) = preSolution
		Debug|Any CPU = Debug|Any CPU
		Release|Any CPU = Release|Any CPU
	EndGlobalSection
	GlobalSection(ProjectConfigurationPlatforms) = postSolution
		{556C20F4-431A-469D-85F6-44D6DF564F81}.Debug|Any CPU.ActiveCfg = Debug|Any CPU
		{556C20F4-431A-469D-85F6-44D6DF564F81}.Debug|Any CPU.Build.0 = Debug|Any CPU
		{556C20F4-431A-469D-85F6-44D6DF564F81}.Release|Any CPU.ActiveCfg = Release|Any CPU
		{556C20F4-431A-469D-85F6-44D6DF564F81}.Release|Any CPU.Build.0 = Release|Any CPU
	EndGlobalSection
	GlobalSection(SolutionProperties) = preSolution
		HideSolutionNode = FALSE
	EndGlobalSection
	GlobalSection(ExtensibilityGlobals) = postSolution
		SolutionGuid = {A30E2B68-7674-4939-A14B-1B698B9C04A4}
	EndGlobalSection
EndGlobal
